// !$*UTF8*$!
{
	archiveVersion = 1;
	classes = {
	};
	objectVersion = 50;
	objects = {

/* Begin PBXBuildFile section */
		35F77E7821E27EB4006C8C83 /* AppDelegate.swift in Sources */ = {isa = PBXBuildFile; fileRef = 35F77E7721E27EB4006C8C83 /* AppDelegate.swift */; };
		35F77E7A21E27EB4006C8C83 /* ViewController.swift in Sources */ = {isa = PBXBuildFile; fileRef = 35F77E7921E27EB4006C8C83 /* ViewController.swift */; };
		35F77E7D21E27EB4006C8C83 /* Main.storyboard in Resources */ = {isa = PBXBuildFile; fileRef = 35F77E7B21E27EB4006C8C83 /* Main.storyboard */; };
		35F77E7F21E27EB6006C8C83 /* Assets.xcassets in Resources */ = {isa = PBXBuildFile; fileRef = 35F77E7E21E27EB6006C8C83 /* Assets.xcassets */; };
		35F77E8221E27EB6006C8C83 /* LaunchScreen.storyboard in Resources */ = {isa = PBXBuildFile; fileRef = 35F77E8021E27EB6006C8C83 /* LaunchScreen.storyboard */; };
		A455A1531D4869057833979A /* Pods_falkdjfaslk.framework in Frameworks */ = {isa = PBXBuildFile; fileRef = 04029F34820952C3354777F5 /* Pods_falkdjfaslk.framework */; };
/* End PBXBuildFile section */

/* Begin PBXFileReference section */
		04029F34820952C3354777F5 /* Pods_falkdjfaslk.framework */ = {isa = PBXFileReference; explicitFileType = wrapper.framework; includeInIndex = 0; path = Pods_falkdjfaslk.framework; sourceTree = BUILT_PRODUCTS_DIR; };
		343127F058C0A687ED1C4152 /* Pods-falkdjfaslk.release.xcconfig */ = {isa = PBXFileReference; includeInIndex = 1; lastKnownFileType = text.xcconfig; name = "Pods-falkdjfaslk.release.xcconfig"; path = "Pods/Target Support Files/Pods-falkdjfaslk/Pods-falkdjfaslk.release.xcconfig"; sourceTree = "<group>"; };
		35F77E7421E27EB4006C8C83 /* falkdjfaslk.app */ = {isa = PBXFileReference; explicitFileType = wrapper.application; includeInIndex = 0; path = falkdjfaslk.app; sourceTree = BUILT_PRODUCTS_DIR; };
		35F77E7721E27EB4006C8C83 /* AppDelegate.swift */ = {isa = PBXFileReference; lastKnownFileType = sourcecode.swift; path = AppDelegate.swift; sourceTree = "<group>"; };
		35F77E7921E27EB4006C8C83 /* ViewController.swift */ = {isa = PBXFileReference; lastKnownFileType = sourcecode.swift; path = ViewController.swift; sourceTree = "<group>"; };
		35F77E7C21E27EB4006C8C83 /* Base */ = {isa = PBXFileReference; lastKnownFileType = file.storyboard; name = Base; path = Base.lproj/Main.storyboard; sourceTree = "<group>"; };
		35F77E7E21E27EB6006C8C83 /* Assets.xcassets */ = {isa = PBXFileReference; lastKnownFileType = folder.assetcatalog; path = Assets.xcassets; sourceTree = "<group>"; };
		35F77E8121E27EB6006C8C83 /* Base */ = {isa = PBXFileReference; lastKnownFileType = file.storyboard; name = Base; path = Base.lproj/LaunchScreen.storyboard; sourceTree = "<group>"; };
		35F77E8321E27EB6006C8C83 /* Info.plist */ = {isa = PBXFileReference; lastKnownFileType = text.plist.xml; path = Info.plist; sourceTree = "<group>"; };
		B6B4936A0E43FD300B08B397 /* Pods-falkdjfaslk.debug.xcconfig */ = {isa = PBXFileReference; includeInIndex = 1; lastKnownFileType = text.xcconfig; name = "Pods-falkdjfaslk.debug.xcconfig"; path = "Pods/Target Support Files/Pods-falkdjfaslk/Pods-falkdjfaslk.debug.xcconfig"; sourceTree = "<group>"; };
/* End PBXFileReference section */

/* Begin PBXFrameworksBuildPhase section */
		35F77E7121E27EB4006C8C83 /* Frameworks */ = {
			isa = PBXFrameworksBuildPhase;
			buildActionMask = 2147483647;
			files = (
				A455A1531D4869057833979A /* Pods_falkdjfaslk.framework in Frameworks */,
			);
			runOnlyForDeploymentPostprocessing = 0;
		};
/* End PBXFrameworksBuildPhase section */

/* Begin PBXGroup section */
		35F77E6B21E27EB4006C8C83 = {
			isa = PBXGroup;
			children = (
				35F77E7621E27EB4006C8C83 /* falkdjfaslk */,
				35F77E7521E27EB4006C8C83 /* Products */,
				5E5C8E7C53D5F7ADE32597EE /* Pods */,
				3832534E66ED3AE275003A0F /* Frameworks */,
			);
			sourceTree = "<group>";
		};
		35F77E7521E27EB4006C8C83 /* Products */ = {
			isa = PBXGroup;
			children = (
				35F77E7421E27EB4006C8C83 /* falkdjfaslk.app */,
			);
			name = Products;
			sourceTree = "<group>";
		};
		35F77E7621E27EB4006C8C83 /* falkdjfaslk */ = {
			isa = PBXGroup;
			children = (
				35F77E7721E27EB4006C8C83 /* AppDelegate.swift */,
				35F77E7921E27EB4006C8C83 /* ViewController.swift */,
				35F77E7B21E27EB4006C8C83 /* Main.storyboard */,
				35F77E7E21E27EB6006C8C83 /* Assets.xcassets */,
				35F77E8021E27EB6006C8C83 /* LaunchScreen.storyboard */,
				35F77E8321E27EB6006C8C83 /* Info.plist */,
			);
			path = falkdjfaslk;
			sourceTree = "<group>";
		};
		3832534E66ED3AE275003A0F /* Frameworks */ = {
			isa = PBXGroup;
			children = (
				04029F34820952C3354777F5 /* Pods_falkdjfaslk.framework */,
			);
			name = Frameworks;
			sourceTree = "<group>";
		};
		5E5C8E7C53D5F7ADE32597EE /* Pods */ = {
			isa = PBXGroup;
			children = (
				B6B4936A0E43FD300B08B397 /* Pods-falkdjfaslk.debug.xcconfig */,
				343127F058C0A687ED1C4152 /* Pods-falkdjfaslk.release.xcconfig */,
			);
			name = Pods;
			sourceTree = "<group>";
		};
/* End PBXGroup section */

/* Begin PBXNativeTarget section */
		35F77E7321E27EB4006C8C83 /* falkdjfaslk */ = {
			isa = PBXNativeTarget;
			buildConfigurationList = 35F77E8621E27EB6006C8C83 /* Build configuration list for PBXNativeTarget "falkdjfaslk" */;
			buildPhases = (
				D01B36B5323F454E5620581C /* [CP] Check Pods Manifest.lock */,
				35F77E7021E27EB4006C8C83 /* Sources */,
				35F77E7121E27EB4006C8C83 /* Frameworks */,
				35F77E7221E27EB4006C8C83 /* Resources */,
				1BBD190CCEC901AAB4E36D26 /* [CP] Embed Pods Frameworks */,
			);
			buildRules = (
			);
			dependencies = (
			);
			name = falkdjfaslk;
			productName = falkdjfaslk;
			productReference = 35F77E7421E27EB4006C8C83 /* falkdjfaslk.app */;
			productType = "com.apple.product-type.application";
		};
/* End PBXNativeTarget section */

/* Begin PBXProject section */
		35F77E6C21E27EB4006C8C83 /* Project object */ = {
			isa = PBXProject;
			attributes = {
				LastSwiftUpdateCheck = 1010;
				LastUpgradeCheck = 1010;
				ORGANIZATIONNAME = "Mahesh Mavurapu";
				TargetAttributes = {
					35F77E7321E27EB4006C8C83 = {
						CreatedOnToolsVersion = 10.1;
					};
				};
			};
			buildConfigurationList = 35F77E6F21E27EB4006C8C83 /* Build configuration list for PBXProject "falkdjfaslk" */;
			compatibilityVersion = "Xcode 9.3";
			developmentRegion = en;
			hasScannedForEncodings = 0;
			knownRegions = (
				en,
				Base,
			);
			mainGroup = 35F77E6B21E27EB4006C8C83;
			productRefGroup = 35F77E7521E27EB4006C8C83 /* Products */;
			projectDirPath = "";
			projectRoot = "";
			targets = (
				35F77E7321E27EB4006C8C83 /* falkdjfaslk */,
			);
		};
/* End PBXProject section */

/* Begin PBXResourcesBuildPhase section */
		35F77E7221E27EB4006C8C83 /* Resources */ = {
			isa = PBXResourcesBuildPhase;
			buildActionMask = 2147483647;
			files = (
				35F77E8221E27EB6006C8C83 /* LaunchScreen.storyboard in Resources */,
				35F77E7F21E27EB6006C8C83 /* Assets.xcassets in Resources */,
				35F77E7D21E27EB4006C8C83 /* Main.storyboard in Resources */,
			);
			runOnlyForDeploymentPostprocessing = 0;
		};
/* End PBXResourcesBuildPhase section */

/* Begin PBXShellScriptBuildPhase section */
		1BBD190CCEC901AAB4E36D26 /* [CP] Embed Pods Frameworks */ = {
			isa = PBXShellScriptBuildPhase;
			buildActionMask = 2147483647;
			files = (
			);
			inputFileListPaths = (
			);
			inputPaths = (
				"${SRCROOT}/Pods/Target Support Files/Pods-falkdjfaslk/Pods-falkdjfaslk-frameworks.sh",
				"${BUILT_PRODUCTS_DIR}/Alamofire/Alamofire.framework",
				"${BUILT_PRODUCTS_DIR}/GSK/GSK.framework",
			);
			name = "[CP] Embed Pods Frameworks";
			outputFileListPaths = (
			);
			outputPaths = (
				"${TARGET_BUILD_DIR}/${FRAMEWORKS_FOLDER_PATH}/Alamofire.framework",
				"${TARGET_BUILD_DIR}/${FRAMEWORKS_FOLDER_PATH}/GSK.framework",
			);
			runOnlyForDeploymentPostprocessing = 0;
			shellPath = /bin/sh;
			shellScript = "\"${SRCROOT}/Pods/Target Support Files/Pods-falkdjfaslk/Pods-falkdjfaslk-frameworks.sh\"\n";
			showEnvVarsInLog = 0;
		};
		D01B36B5323F454E5620581C /* [CP] Check Pods Manifest.lock */ = {
			isa = PBXShellScriptBuildPhase;
			buildActionMask = 2147483647;
			files = (
			);
			inputFileListPaths = (
			);
			inputPaths = (
				"${PODS_PODFILE_DIR_PATH}/Podfile.lock",
				"${PODS_ROOT}/Manifest.lock",
			);
			name = "[CP] Check Pods Manifest.lock";
			outputFileListPaths = (
			);
			outputPaths = (
				"$(DERIVED_FILE_DIR)/Pods-falkdjfaslk-checkManifestLockResult.txt",
			);
			runOnlyForDeploymentPostprocessing = 0;
			shellPath = /bin/sh;
			shellScript = "diff \"${PODS_PODFILE_DIR_PATH}/Podfile.lock\" \"${PODS_ROOT}/Manifest.lock\" > /dev/null\nif [ $? != 0 ] ; then\n    # print error to STDERR\n    echo \"error: The sandbox is not in sync with the Podfile.lock. Run 'pod install' or update your CocoaPods installation.\" >&2\n    exit 1\nfi\n# This output is used by Xcode 'outputs' to avoid re-running this script phase.\necho \"SUCCESS\" > \"${SCRIPT_OUTPUT_FILE_0}\"\n";
			showEnvVarsInLog = 0;
		};
/* End PBXShellScriptBuildPhase section */

/* Begin PBXSourcesBuildPhase section */
		35F77E7021E27EB4006C8C83 /* Sources */ = {
			isa = PBXSourcesBuildPhase;
			buildActionMask = 2147483647;
			files = (
				35F77E7A21E27EB4006C8C83 /* ViewController.swift in Sources */,
				35F77E7821E27EB4006C8C83 /* AppDelegate.swift in Sources */,
			);
			runOnlyForDeploymentPostprocessing = 0;
		};
/* End PBXSourcesBuildPhase section */

/* Begin PBXVariantGroup section */
		35F77E7B21E27EB4006C8C83 /* Main.storyboard */ = {
			isa = PBXVariantGroup;
			children = (
				35F77E7C21E27EB4006C8C83 /* Base */,
			);
			name = Main.storyboard;
			sourceTree = "<group>";
		};
		35F77E8021E27EB6006C8C83 /* LaunchScreen.storyboard */ = {
			isa = PBXVariantGroup;
			children = (
				35F77E8121E27EB6006C8C83 /* Base */,
			);
			name = LaunchScreen.storyboard;
			sourceTree = "<group>";
		};
/* End PBXVariantGroup section */

/* Begin XCBuildConfiguration section */
		35F77E8421E27EB6006C8C83 /* Debug */ = {
			isa = XCBuildConfiguration;
			buildSettings = {
				ALWAYS_SEARCH_USER_PATHS = NO;
				CLANG_ANALYZER_NONNULL = YES;
				CLANG_ANALYZER_NUMBER_OBJECT_CONVERSION = YES_AGGRESSIVE;
				CLANG_CXX_LANGUAGE_STANDARD = "gnu++14";
				CLANG_CXX_LIBRARY = "libc++";
				CLANG_ENABLE_MODULES = YES;
				CLANG_ENABLE_OBJC_ARC = YES;
				CLANG_ENABLE_OBJC_WEAK = YES;
				CLANG_WARN_BLOCK_CAPTURE_AUTORELEASING = YES;
				CLANG_WARN_BOOL_CONVERSION = YES;
				CLANG_WARN_COMMA = YES;
				CLANG_WARN_CONSTANT_CONVERSION = YES;
				CLANG_WARN_DEPRECATED_OBJC_IMPLEMENTATIONS = YES;
				CLANG_WARN_DIRECT_OBJC_ISA_USAGE = YES_ERROR;
				CLANG_WARN_DOCUMENTATION_COMMENTS = YES;
				CLANG_WARN_EMPTY_BODY = YES;
				CLANG_WARN_ENUM_CONVERSION = YES;
				CLANG_WARN_INFINITE_RECURSION = YES;
				CLANG_WARN_INT_CONVERSION = YES;
				CLANG_WARN_NON_LITERAL_NULL_CONVERSION = YES;
				CLANG_WARN_OBJC_IMPLICIT_RETAIN_SELF = YES;
				CLANG_WARN_OBJC_LITERAL_CONVERSION = YES;
				CLANG_WARN_OBJC_ROOT_CLASS = YES_ERROR;
				CLANG_WARN_RANGE_LOOP_ANALYSIS = YES;
				CLANG_WARN_STRICT_PROTOTYPES = YES;
				CLANG_WARN_SUSPICIOUS_MOVE = YES;
				CLANG_WARN_UNGUARDED_AVAILABILITY = YES_AGGRESSIVE;
				CLANG_WARN_UNREACHABLE_CODE = YES;
				CLANG_WARN__DUPLICATE_METHOD_MATCH = YES;
				CODE_SIGN_IDENTITY = "iPhone Developer";
				COPY_PHASE_STRIP = NO;
				DEBUG_INFORMATION_FORMAT = dwarf;
				ENABLE_STRICT_OBJC_MSGSEND = YES;
				ENABLE_TESTABILITY = YES;
				GCC_C_LANGUAGE_STANDARD = gnu11;
				GCC_DYNAMIC_NO_PIC = NO;
				GCC_NO_COMMON_BLOCKS = YES;
				GCC_OPTIMIZATION_LEVEL = 0;
				GCC_PREPROCESSOR_DEFINITIONS = (
					"DEBUG=1",
					"$(inherited)",
				);
				GCC_WARN_64_TO_32_BIT_CONVERSION = YES;
				GCC_WARN_ABOUT_RETURN_TYPE = YES_ERROR;
				GCC_WARN_UNDECLARED_SELECTOR = YES;
				GCC_WARN_UNINITIALIZED_AUTOS = YES_AGGRESSIVE;
				GCC_WARN_UNUSED_FUNCTION = YES;
				GCC_WARN_UNUSED_VARIABLE = YES;
				IPHONEOS_DEPLOYMENT_TARGET = 12.1;
				MTL_ENABLE_DEBUG_INFO = INCLUDE_SOURCE;
				MTL_FAST_MATH = YES;
				ONLY_ACTIVE_ARCH = YES;
				SDKROOT = iphoneos;
				SWIFT_ACTIVE_COMPILATION_CONDITIONS = DEBUG;
				SWIFT_OPTIMIZATION_LEVEL = "-Onone";
			};
			name = Debug;
		};
		35F77E8521E27EB6006C8C83 /* Release */ = {
			isa = XCBuildConfiguration;
			buildSettings = {
				ALWAYS_SEARCH_USER_PATHS = NO;
				CLANG_ANALYZER_NONNULL = YES;
				CLANG_ANALYZER_NUMBER_OBJECT_CONVERSION = YES_AGGRESSIVE;
				CLANG_CXX_LANGUAGE_STANDARD = "gnu++14";
				CLANG_CXX_LIBRARY = "libc++";
				CLANG_ENABLE_MODULES = YES;
				CLANG_ENABLE_OBJC_ARC = YES;
				CLANG_ENABLE_OBJC_WEAK = YES;
				CLANG_WARN_BLOCK_CAPTURE_AUTORELEASING = YES;
				CLANG_WARN_BOOL_CONVERSION = YES;
				CLANG_WARN_COMMA = YES;
				CLANG_WARN_CONSTANT_CONVERSION = YES;
				CLANG_WARN_DEPRECATED_OBJC_IMPLEMENTATIONS = YES;
				CLANG_WARN_DIRECT_OBJC_ISA_USAGE = YES_ERROR;
				CLANG_WARN_DOCUMENTATION_COMMENTS = YES;
				CLANG_WARN_EMPTY_BODY = YES;
				CLANG_WARN_ENUM_CONVERSION = YES;
				CLANG_WARN_INFINITE_RECURSION = YES;
				CLANG_WARN_INT_CONVERSION = YES;
				CLANG_WARN_NON_LITERAL_NULL_CONVERSION = YES;
				CLANG_WARN_OBJC_IMPLICIT_RETAIN_SELF = YES;
				CLANG_WARN_OBJC_LITERAL_CONVERSION = YES;
				CLANG_WARN_OBJC_ROOT_CLASS = YES_ERROR;
				CLANG_WARN_RANGE_LOOP_ANALYSIS = YES;
				CLANG_WARN_STRICT_PROTOTYPES = YES;
				CLANG_WARN_SUSPICIOUS_MOVE = YES;
				CLANG_WARN_UNGUARDED_AVAILABILITY = YES_AGGRESSIVE;
				CLANG_WARN_UNREACHABLE_CODE = YES;
				CLANG_WARN__DUPLICATE_METHOD_MATCH = YES;
				CODE_SIGN_IDENTITY = "iPhone Developer";
				COPY_PHASE_STRIP = NO;
				DEBUG_INFORMATION_FORMAT = "dwarf-with-dsym";
				ENABLE_NS_ASSERTIONS = NO;
				ENABLE_STRICT_OBJC_MSGSEND = YES;
				GCC_C_LANGUAGE_STANDARD = gnu11;
				GCC_NO_COMMON_BLOCKS = YES;
				GCC_WARN_64_TO_32_BIT_CONVERSION = YES;
				GCC_WARN_ABOUT_RETURN_TYPE = YES_ERROR;
				GCC_WARN_UNDECLARED_SELECTOR = YES;
				GCC_WARN_UNINITIALIZED_AUTOS = YES_AGGRESSIVE;
				GCC_WARN_UNUSED_FUNCTION = YES;
				GCC_WARN_UNUSED_VARIABLE = YES;
				IPHONEOS_DEPLOYMENT_TARGET = 12.1;
				MTL_ENABLE_DEBUG_INFO = NO;
				MTL_FAST_MATH = YES;
				SDKROOT = iphoneos;
				SWIFT_COMPILATION_MODE = wholemodule;
				SWIFT_OPTIMIZATION_LEVEL = "-O";
				VALIDATE_PRODUCT = YES;
			};
			name = Release;
		};
		35F77E8721E27EB6006C8C83 /* Debug */ = {
			isa = XCBuildConfiguration;
			baseConfigurationReference = B6B4936A0E43FD300B08B397 /* Pods-falkdjfaslk.debug.xcconfig */;
			buildSettings = {
				ASSETCATALOG_COMPILER_APPICON_NAME = AppIcon;
				CODE_SIGN_STYLE = Automatic;
				INFOPLIST_FILE = falkdjfaslk/Info.plist;
				LD_RUNPATH_SEARCH_PATHS = (
					"$(inherited)",
					"@executable_path/Frameworks",
				);
				PRODUCT_BUNDLE_IDENTIFIER = com.iOSMahesha.falkdjfaslk;
				PRODUCT_NAME = "$(TARGET_NAME)";
				SWIFT_VERSION = 4.2;
				TARGETED_DEVICE_FAMILY = "1,2";
			};
			name = Debug;
		};
		35F77E8821E27EB6006C8C83 /* Release */ = {
			isa = XCBuildConfiguration;
			baseConfigurationReference = 343127F058C0A687ED1C4152 /* Pods-falkdjfaslk.release.xcconfig */;
			buildSettings = {
				ASSETCATALOG_COMPILER_APPICON_NAME = AppIcon;
				CODE_SIGN_STYLE = Automatic;
				INFOPLIST_FILE = falkdjfaslk/Info.plist;
				LD_RUNPATH_SEARCH_PATHS = (
					"$(inherited)",
					"@executable_path/Frameworks",
				);
				PRODUCT_BUNDLE_IDENTIFIER = com.iOSMahesha.falkdjfaslk;
				PRODUCT_NAME = "$(TARGET_NAME)";
				SWIFT_VERSION = 4.2;
				TARGETED_DEVICE_FAMILY = "1,2";
			};
			name = Release;
		};
/* End XCBuildConfiguration section */

/* Begin XCConfigurationList section */
		35F77E6F21E27EB4006C8C83 /* Build configuration list for PBXProject "falkdjfaslk" */ = {
			isa = XCConfigurationList;
			buildConfigurations = (
				35F77E8421E27EB6006C8C83 /* Debug */,
				35F77E8521E27EB6006C8C83 /* Release */,
			);
			defaultConfigurationIsVisible = 0;
			defaultConfigurationName = Release;
		};
		35F77E8621E27EB6006C8C83 /* Build configuration list for PBXNativeTarget "falkdjfaslk" */ = {
			isa = XCConfigurationList;
			buildConfigurations = (
				35F77E8721E27EB6006C8C83 /* Debug */,
				35F77E8821E27EB6006C8C83 /* Release */,
			);
			defaultConfigurationIsVisible = 0;
			defaultConfigurationName = Release;
		};
/* End XCConfigurationList section */
	};
	rootObject = 35F77E6C21E27EB4006C8C83 /* Project object */;
}
